// !$*UTF8*$!
{
	archiveVersion = 1;
	classes = {
	};
	objectVersion = 46;
	objects = {

/* Begin PBXBuildFile section */
		545D0BCF1AE68BE9002D972C /* RVExperiencesTableViewCell.swift in Sources */ = {isa = PBXBuildFile; fileRef = 545D0BCE1AE68BE9002D972C /* RVExperiencesTableViewCell.swift */; };
		545D0BD11AE6B9D4002D972C /* RVTechnicalSkillsTableViewCell.swift in Sources */ = {isa = PBXBuildFile; fileRef = 545D0BD01AE6B9D4002D972C /* RVTechnicalSkillsTableViewCell.swift */; };
		545D0BD31AE6C409002D972C /* RVContactsTableViewCell.swift in Sources */ = {isa = PBXBuildFile; fileRef = 545D0BD21AE6C409002D972C /* RVContactsTableViewCell.swift */; };
		54D7BB0E1AE5C0F4004C9B51 /* AppDelegate.swift in Sources */ = {isa = PBXBuildFile; fileRef = 54D7BB0D1AE5C0F4004C9B51 /* AppDelegate.swift */; };
		54D7BB131AE5C0F4004C9B51 /* Main.storyboard in Resources */ = {isa = PBXBuildFile; fileRef = 54D7BB111AE5C0F4004C9B51 /* Main.storyboard */; };
		54D7BB151AE5C0F4004C9B51 /* Images.xcassets in Resources */ = {isa = PBXBuildFile; fileRef = 54D7BB141AE5C0F4004C9B51 /* Images.xcassets */; };
		54D7BB181AE5C0F4004C9B51 /* LaunchScreen.xib in Resources */ = {isa = PBXBuildFile; fileRef = 54D7BB161AE5C0F4004C9B51 /* LaunchScreen.xib */; };
		54D7BB241AE5C0F4004C9B51 /* RafaelValerTests.swift in Sources */ = {isa = PBXBuildFile; fileRef = 54D7BB231AE5C0F4004C9B51 /* RafaelValerTests.swift */; };
		54D7BB301AE5C3AC004C9B51 /* RVPageViewController.swift in Sources */ = {isa = PBXBuildFile; fileRef = 54D7BB2F1AE5C3AC004C9B51 /* RVPageViewController.swift */; };
		54D7BB321AE5D2C9004C9B51 /* RVUserInfo.swift in Sources */ = {isa = PBXBuildFile; fileRef = 54D7BB311AE5D2C9004C9B51 /* RVUserInfo.swift */; };
		54D7BB341AE5D2F8004C9B51 /* UserInfo.plist in Resources */ = {isa = PBXBuildFile; fileRef = 54D7BB331AE5D2F8004C9B51 /* UserInfo.plist */; };
		54D7BB381AE5DCD2004C9B51 /* RVContentViewController.swift in Sources */ = {isa = PBXBuildFile; fileRef = 54D7BB371AE5DCD2004C9B51 /* RVContentViewController.swift */; };
		54D7BB3A1AE5E791004C9B51 /* RVAboutMeTableViewCell.swift in Sources */ = {isa = PBXBuildFile; fileRef = 54D7BB391AE5E791004C9B51 /* RVAboutMeTableViewCell.swift */; };
/* End PBXBuildFile section */

/* Begin PBXContainerItemProxy section */
		54D7BB1E1AE5C0F4004C9B51 /* PBXContainerItemProxy */ = {
			isa = PBXContainerItemProxy;
			containerPortal = 54D7BB001AE5C0F4004C9B51 /* Project object */;
			proxyType = 1;
			remoteGlobalIDString = 54D7BB071AE5C0F4004C9B51;
			remoteInfo = RafaelValer;
		};
/* End PBXContainerItemProxy section */

/* Begin PBXFileReference section */
		545D0BCE1AE68BE9002D972C /* RVExperiencesTableViewCell.swift */ = {isa = PBXFileReference; fileEncoding = 4; lastKnownFileType = sourcecode.swift; name = RVExperiencesTableViewCell.swift; path = ../RVExperiencesTableViewCell.swift; sourceTree = "<group>"; };
		545D0BD01AE6B9D4002D972C /* RVTechnicalSkillsTableViewCell.swift */ = {isa = PBXFileReference; fileEncoding = 4; lastKnownFileType = sourcecode.swift; path = RVTechnicalSkillsTableViewCell.swift; sourceTree = "<group>"; };
		545D0BD21AE6C409002D972C /* RVContactsTableViewCell.swift */ = {isa = PBXFileReference; fileEncoding = 4; lastKnownFileType = sourcecode.swift; path = RVContactsTableViewCell.swift; sourceTree = "<group>"; };
		54D7BB081AE5C0F4004C9B51 /* RafaelValer.app */ = {isa = PBXFileReference; explicitFileType = wrapper.application; includeInIndex = 0; path = RafaelValer.app; sourceTree = BUILT_PRODUCTS_DIR; };
		54D7BB0C1AE5C0F4004C9B51 /* Info.plist */ = {isa = PBXFileReference; lastKnownFileType = text.plist.xml; path = Info.plist; sourceTree = "<group>"; };
		54D7BB0D1AE5C0F4004C9B51 /* AppDelegate.swift */ = {isa = PBXFileReference; lastKnownFileType = sourcecode.swift; path = AppDelegate.swift; sourceTree = "<group>"; };
		54D7BB121AE5C0F4004C9B51 /* Base */ = {isa = PBXFileReference; lastKnownFileType = file.storyboard; name = Base; path = Base.lproj/Main.storyboard; sourceTree = "<group>"; };
		54D7BB141AE5C0F4004C9B51 /* Images.xcassets */ = {isa = PBXFileReference; lastKnownFileType = folder.assetcatalog; path = Images.xcassets; sourceTree = "<group>"; };
		54D7BB171AE5C0F4004C9B51 /* Base */ = {isa = PBXFileReference; lastKnownFileType = file.xib; name = Base; path = Base.lproj/LaunchScreen.xib; sourceTree = "<group>"; };
		54D7BB1D1AE5C0F4004C9B51 /* RafaelValerTests.xctest */ = {isa = PBXFileReference; explicitFileType = wrapper.cfbundle; includeInIndex = 0; path = RafaelValerTests.xctest; sourceTree = BUILT_PRODUCTS_DIR; };
		54D7BB221AE5C0F4004C9B51 /* Info.plist */ = {isa = PBXFileReference; lastKnownFileType = text.plist.xml; path = Info.plist; sourceTree = "<group>"; };
		54D7BB231AE5C0F4004C9B51 /* RafaelValerTests.swift */ = {isa = PBXFileReference; lastKnownFileType = sourcecode.swift; path = RafaelValerTests.swift; sourceTree = "<group>"; };
		54D7BB2F1AE5C3AC004C9B51 /* RVPageViewController.swift */ = {isa = PBXFileReference; fileEncoding = 4; lastKnownFileType = sourcecode.swift; path = RVPageViewController.swift; sourceTree = "<group>"; };
		54D7BB311AE5D2C9004C9B51 /* RVUserInfo.swift */ = {isa = PBXFileReference; fileEncoding = 4; lastKnownFileType = sourcecode.swift; path = RVUserInfo.swift; sourceTree = "<group>"; };
		54D7BB331AE5D2F8004C9B51 /* UserInfo.plist */ = {isa = PBXFileReference; fileEncoding = 4; lastKnownFileType = text.plist.xml; path = UserInfo.plist; sourceTree = "<group>"; };
		54D7BB371AE5DCD2004C9B51 /* RVContentViewController.swift */ = {isa = PBXFileReference; fileEncoding = 4; lastKnownFileType = sourcecode.swift; path = RVContentViewController.swift; sourceTree = "<group>"; };
		54D7BB391AE5E791004C9B51 /* RVAboutMeTableViewCell.swift */ = {isa = PBXFileReference; fileEncoding = 4; lastKnownFileType = sourcecode.swift; path = RVAboutMeTableViewCell.swift; sourceTree = "<group>"; };
/* End PBXFileReference section */

/* Begin PBXFrameworksBuildPhase section */
		54D7BB051AE5C0F4004C9B51 /* Frameworks */ = {
			isa = PBXFrameworksBuildPhase;
			buildActionMask = 2147483647;
			files = (
			);
			runOnlyForDeploymentPostprocessing = 0;
		};
		54D7BB1A1AE5C0F4004C9B51 /* Frameworks */ = {
			isa = PBXFrameworksBuildPhase;
			buildActionMask = 2147483647;
			files = (
			);
			runOnlyForDeploymentPostprocessing = 0;
		};
/* End PBXFrameworksBuildPhase section */

/* Begin PBXGroup section */
		54D7BAFF1AE5C0F4004C9B51 = {
			isa = PBXGroup;
			children = (
				54D7BB0A1AE5C0F4004C9B51 /* RafaelValer */,
				54D7BB201AE5C0F4004C9B51 /* RafaelValerTests */,
				54D7BB091AE5C0F4004C9B51 /* Products */,
			);
			sourceTree = "<group>";
		};
		54D7BB091AE5C0F4004C9B51 /* Products */ = {
			isa = PBXGroup;
			children = (
				54D7BB081AE5C0F4004C9B51 /* RafaelValer.app */,
				54D7BB1D1AE5C0F4004C9B51 /* RafaelValerTests.xctest */,
			);
			name = Products;
			sourceTree = "<group>";
		};
		54D7BB0A1AE5C0F4004C9B51 /* RafaelValer */ = {
			isa = PBXGroup;
			children = (
				54D7BB0D1AE5C0F4004C9B51 /* AppDelegate.swift */,
				54D7BB2F1AE5C3AC004C9B51 /* RVPageViewController.swift */,
				54D7BB371AE5DCD2004C9B51 /* RVContentViewController.swift */,
				545D0BCE1AE68BE9002D972C /* RVExperiencesTableViewCell.swift */,
				54D7BB311AE5D2C9004C9B51 /* RVUserInfo.swift */,
				54D7BB331AE5D2F8004C9B51 /* UserInfo.plist */,
				54D7BB111AE5C0F4004C9B51 /* Main.storyboard */,
				545D0BD21AE6C409002D972C /* RVContactsTableViewCell.swift */,
				545D0BD01AE6B9D4002D972C /* RVTechnicalSkillsTableViewCell.swift */,
				54D7BB391AE5E791004C9B51 /* RVAboutMeTableViewCell.swift */,
				54D7BB141AE5C0F4004C9B51 /* Images.xcassets */,
				54D7BB161AE5C0F4004C9B51 /* LaunchScreen.xib */,
				54D7BB0B1AE5C0F4004C9B51 /* Supporting Files */,
			);
			path = RafaelValer;
			sourceTree = "<group>";
		};
		54D7BB0B1AE5C0F4004C9B51 /* Supporting Files */ = {
			isa = PBXGroup;
			children = (
				54D7BB0C1AE5C0F4004C9B51 /* Info.plist */,
			);
			name = "Supporting Files";
			sourceTree = "<group>";
		};
		54D7BB201AE5C0F4004C9B51 /* RafaelValerTests */ = {
			isa = PBXGroup;
			children = (
				54D7BB231AE5C0F4004C9B51 /* RafaelValerTests.swift */,
				54D7BB211AE5C0F4004C9B51 /* Supporting Files */,
			);
			path = RafaelValerTests;
			sourceTree = "<group>";
		};
		54D7BB211AE5C0F4004C9B51 /* Supporting Files */ = {
			isa = PBXGroup;
			children = (
				54D7BB221AE5C0F4004C9B51 /* Info.plist */,
			);
			name = "Supporting Files";
			sourceTree = "<group>";
		};
/* End PBXGroup section */

/* Begin PBXNativeTarget section */
		54D7BB071AE5C0F4004C9B51 /* RafaelValer */ = {
			isa = PBXNativeTarget;
			buildConfigurationList = 54D7BB271AE5C0F4004C9B51 /* Build configuration list for PBXNativeTarget "RafaelValer" */;
			buildPhases = (
				54D7BB041AE5C0F4004C9B51 /* Sources */,
				54D7BB051AE5C0F4004C9B51 /* Frameworks */,
				54D7BB061AE5C0F4004C9B51 /* Resources */,
			);
			buildRules = (
			);
			dependencies = (
			);
			name = RafaelValer;
			productName = RafaelValer;
			productReference = 54D7BB081AE5C0F4004C9B51 /* RafaelValer.app */;
			productType = "com.apple.product-type.application";
		};
		54D7BB1C1AE5C0F4004C9B51 /* RafaelValerTests */ = {
			isa = PBXNativeTarget;
			buildConfigurationList = 54D7BB2A1AE5C0F4004C9B51 /* Build configuration list for PBXNativeTarget "RafaelValerTests" */;
			buildPhases = (
				54D7BB191AE5C0F4004C9B51 /* Sources */,
				54D7BB1A1AE5C0F4004C9B51 /* Frameworks */,
				54D7BB1B1AE5C0F4004C9B51 /* Resources */,
			);
			buildRules = (
			);
			dependencies = (
				54D7BB1F1AE5C0F4004C9B51 /* PBXTargetDependency */,
			);
			name = RafaelValerTests;
			productName = RafaelValerTests;
			productReference = 54D7BB1D1AE5C0F4004C9B51 /* RafaelValerTests.xctest */;
			productType = "com.apple.product-type.bundle.unit-test";
		};
/* End PBXNativeTarget section */

/* Begin PBXProject section */
		54D7BB001AE5C0F4004C9B51 /* Project object */ = {
			isa = PBXProject;
			attributes = {
				LastUpgradeCheck = 0630;
				ORGANIZATIONNAME = RafaelValer;
				TargetAttributes = {
					54D7BB071AE5C0F4004C9B51 = {
						CreatedOnToolsVersion = 6.3;
					};
					54D7BB1C1AE5C0F4004C9B51 = {
						CreatedOnToolsVersion = 6.3;
						TestTargetID = 54D7BB071AE5C0F4004C9B51;
					};
				};
			};
			buildConfigurationList = 54D7BB031AE5C0F4004C9B51 /* Build configuration list for PBXProject "RafaelValer" */;
			compatibilityVersion = "Xcode 3.2";
			developmentRegion = English;
			hasScannedForEncodings = 0;
			knownRegions = (
				en,
				Base,
			);
			mainGroup = 54D7BAFF1AE5C0F4004C9B51;
			productRefGroup = 54D7BB091AE5C0F4004C9B51 /* Products */;
			projectDirPath = "";
			projectRoot = "";
			targets = (
				54D7BB071AE5C0F4004C9B51 /* RafaelValer */,
				54D7BB1C1AE5C0F4004C9B51 /* RafaelValerTests */,
			);
		};
/* End PBXProject section */

/* Begin PBXResourcesBuildPhase section */
		54D7BB061AE5C0F4004C9B51 /* Resources */ = {
			isa = PBXResourcesBuildPhase;
			buildActionMask = 2147483647;
			files = (
				54D7BB131AE5C0F4004C9B51 /* Main.storyboard in Resources */,
				54D7BB181AE5C0F4004C9B51 /* LaunchScreen.xib in Resources */,
				54D7BB151AE5C0F4004C9B51 /* Images.xcassets in Resources */,
				54D7BB341AE5D2F8004C9B51 /* UserInfo.plist in Resources */,
			);
			runOnlyForDeploymentPostprocessing = 0;
		};
		54D7BB1B1AE5C0F4004C9B51 /* Resources */ = {
			isa = PBXResourcesBuildPhase;
			buildActionMask = 2147483647;
			files = (
			);
			runOnlyForDeploymentPostprocessing = 0;
		};
/* End PBXResourcesBuildPhase section */

/* Begin PBXSourcesBuildPhase section */
		54D7BB041AE5C0F4004C9B51 /* Sources */ = {
			isa = PBXSourcesBuildPhase;
			buildActionMask = 2147483647;
			files = (
				545D0BCF1AE68BE9002D972C /* RVExperiencesTableViewCell.swift in Sources */,
				545D0BD11AE6B9D4002D972C /* RVTechnicalSkillsTableViewCell.swift in Sources */,
				545D0BD31AE6C409002D972C /* RVContactsTableViewCell.swift in Sources */,
				54D7BB301AE5C3AC004C9B51 /* RVPageViewController.swift in Sources */,
				54D7BB381AE5DCD2004C9B51 /* RVContentViewController.swift in Sources */,
				54D7BB321AE5D2C9004C9B51 /* RVUserInfo.swift in Sources */,
				54D7BB3A1AE5E791004C9B51 /* RVAboutMeTableViewCell.swift in Sources */,
				54D7BB0E1AE5C0F4004C9B51 /* AppDelegate.swift in Sources */,
			);
			runOnlyForDeploymentPostprocessing = 0;
		};
		54D7BB191AE5C0F4004C9B51 /* Sources */ = {
			isa = PBXSourcesBuildPhase;
			buildActionMask = 2147483647;
			files = (
				54D7BB241AE5C0F4004C9B51 /* RafaelValerTests.swift in Sources */,
			);
			runOnlyForDeploymentPostprocessing = 0;
		};
/* End PBXSourcesBuildPhase section */

/* Begin PBXTargetDependency section */
		54D7BB1F1AE5C0F4004C9B51 /* PBXTargetDependency */ = {
			isa = PBXTargetDependency;
			target = 54D7BB071AE5C0F4004C9B51 /* RafaelValer */;
			targetProxy = 54D7BB1E1AE5C0F4004C9B51 /* PBXContainerItemProxy */;
		};
/* End PBXTargetDependency section */

/* Begin PBXVariantGroup section */
		54D7BB111AE5C0F4004C9B51 /* Main.storyboard */ = {
			isa = PBXVariantGroup;
			children = (
				54D7BB121AE5C0F4004C9B51 /* Base */,
			);
			name = Main.storyboard;
			sourceTree = "<group>";
		};
		54D7BB161AE5C0F4004C9B51 /* LaunchScreen.xib */ = {
			isa = PBXVariantGroup;
			children = (
				54D7BB171AE5C0F4004C9B51 /* Base */,
			);
			name = LaunchScreen.xib;
			sourceTree = "<group>";
		};
/* End PBXVariantGroup section */

/* Begin XCBuildConfiguration section */
		54D7BB251AE5C0F4004C9B51 /* Debug */ = {
			isa = XCBuildConfiguration;
			buildSettings = {
				ALWAYS_SEARCH_USER_PATHS = NO;
				CLANG_CXX_LANGUAGE_STANDARD = "gnu++0x";
				CLANG_CXX_LIBRARY = "libc++";
				CLANG_ENABLE_MODULES = YES;
				CLANG_ENABLE_OBJC_ARC = YES;
				CLANG_WARN_BOOL_CONVERSION = YES;
				CLANG_WARN_CONSTANT_CONVERSION = YES;
				CLANG_WARN_DIRECT_OBJC_ISA_USAGE = YES_ERROR;
				CLANG_WARN_EMPTY_BODY = YES;
				CLANG_WARN_ENUM_CONVERSION = YES;
				CLANG_WARN_INT_CONVERSION = YES;
				CLANG_WARN_OBJC_ROOT_CLASS = YES_ERROR;
				CLANG_WARN_UNREACHABLE_CODE = YES;
				CLANG_WARN__DUPLICATE_METHOD_MATCH = YES;
				"CODE_SIGN_IDENTITY[sdk=iphoneos*]" = "iPhone Developer";
				COPY_PHASE_STRIP = NO;
				DEBUG_INFORMATION_FORMAT = "dwarf-with-dsym";
				ENABLE_STRICT_OBJC_MSGSEND = YES;
				GCC_C_LANGUAGE_STANDARD = gnu99;
				GCC_DYNAMIC_NO_PIC = NO;
				GCC_NO_COMMON_BLOCKS = YES;
				GCC_OPTIMIZATION_LEVEL = 0;
				GCC_PREPROCESSOR_DEFINITIONS = (
					"DEBUG=1",
					"$(inherited)",
				);
				GCC_SYMBOLS_PRIVATE_EXTERN = NO;
				GCC_WARN_64_TO_32_BIT_CONVERSION = YES;
				GCC_WARN_ABOUT_RETURN_TYPE = YES_ERROR;
				GCC_WARN_UNDECLARED_SELECTOR = YES;
				GCC_WARN_UNINITIALIZED_AUTOS = YES_AGGRESSIVE;
				GCC_WARN_UNUSED_FUNCTION = YES;
				GCC_WARN_UNUSED_VARIABLE = YES;
				IPHONEOS_DEPLOYMENT_TARGET = 8.3;
				MTL_ENABLE_DEBUG_INFO = YES;
				ONLY_ACTIVE_ARCH = YES;
				SDKROOT = iphoneos;
				SWIFT_OPTIMIZATION_LEVEL = "-Onone";
			};
			name = Debug;
		};
		54D7BB261AE5C0F4004C9B51 /* Release */ = {
			isa = XCBuildConfiguration;
			buildSettings = {
				ALWAYS_SEARCH_USER_PATHS = NO;
				CLANG_CXX_LANGUAGE_STANDARD = "gnu++0x";
				CLANG_CXX_LIBRARY = "libc++";
				CLANG_ENABLE_MODULES = YES;
				CLANG_ENABLE_OBJC_ARC = YES;
				CLANG_WARN_BOOL_CONVERSION = YES;
				CLANG_WARN_CONSTANT_CONVERSION = YES;
				CLANG_WARN_DIRECT_OBJC_ISA_USAGE = YES_ERROR;
				CLANG_WARN_EMPTY_BODY = YES;
				CLANG_WARN_ENUM_CONVERSION = YES;
				CLANG_WARN_INT_CONVERSION = YES;
				CLANG_WARN_OBJC_ROOT_CLASS = YES_ERROR;
				CLANG_WARN_UNREACHABLE_CODE = YES;
				CLANG_WARN__DUPLICATE_METHOD_MATCH = YES;
				"CODE_SIGN_IDENTITY[sdk=iphoneos*]" = "iPhone Developer";
				COPY_PHASE_STRIP = NO;
				DEBUG_INFORMATION_FORMAT = "dwarf-with-dsym";
				ENABLE_NS_ASSERTIONS = NO;
				ENABLE_STRICT_OBJC_MSGSEND = YES;
				GCC_C_LANGUAGE_STANDARD = gnu99;
				GCC_NO_COMMON_BLOCKS = YES;
				GCC_WARN_64_TO_32_BIT_CONVERSION = YES;
				GCC_WARN_ABOUT_RETURN_TYPE = YES_ERROR;
				GCC_WARN_UNDECLARED_SELECTOR = YES;
				GCC_WARN_UNINITIALIZED_AUTOS = YES_AGGRESSIVE;
				GCC_WARN_UNUSED_FUNCTION = YES;
				GCC_WARN_UNUSED_VARIABLE = YES;
				IPHONEOS_DEPLOYMENT_TARGET = 8.3;
				MTL_ENABLE_DEBUG_INFO = NO;
				SDKROOT = iphoneos;
				VALIDATE_PRODUCT = YES;
			};
			name = Release;
		};
		54D7BB281AE5C0F4004C9B51 /* Debug */ = {
			isa = XCBuildConfiguration;
			buildSettings = {
				ASSETCATALOG_COMPILER_APPICON_NAME = AppIcon;
				INFOPLIST_FILE = RafaelValer/Info.plist;
				LD_RUNPATH_SEARCH_PATHS = "$(inherited) @executable_path/Frameworks";
				PRODUCT_NAME = "$(TARGET_NAME)";
			};
			name = Debug;
		};
		54D7BB291AE5C0F4004C9B51 /* Release */ = {
			isa = XCBuildConfiguration;
			buildSettings = {
				ASSETCATALOG_COMPILER_APPICON_NAME = AppIcon;
				INFOPLIST_FILE = RafaelValer/Info.plist;
				LD_RUNPATH_SEARCH_PATHS = "$(inherited) @executable_path/Frameworks";
				PRODUCT_NAME = "$(TARGET_NAME)";
			};
			name = Release;
		};
		54D7BB2B1AE5C0F4004C9B51 /* Debug */ = {
			isa = XCBuildConfiguration;
			buildSettings = {
				BUNDLE_LOADER = "$(TEST_HOST)";
				FRAMEWORK_SEARCH_PATHS = (
					"$(SDKROOT)/Developer/Library/Frameworks",
					"$(inherited)",
				);
				GCC_PREPROCESSOR_DEFINITIONS = (
					"DEBUG=1",
					"$(inherited)",
				);
				INFOPLIST_FILE = RafaelValerTests/Info.plist;
				LD_RUNPATH_SEARCH_PATHS = "$(inherited) @executable_path/Frameworks @loader_path/Frameworks";
				PRODUCT_NAME = "$(TARGET_NAME)";
				TEST_HOST = "$(BUILT_PRODUCTS_DIR)/RafaelValer.app/RafaelValer";
			};
			name = Debug;
		};
		54D7BB2C1AE5C0F4004C9B51 /* Release */ = {
			isa = XCBuildConfiguration;
			buildSettings = {
				BUNDLE_LOADER = "$(TEST_HOST)";
				FRAMEWORK_SEARCH_PATHS = (
					"$(SDKROOT)/Developer/Library/Frameworks",
					"$(inherited)",
				);
				INFOPLIST_FILE = RafaelValerTests/Info.plist;
				LD_RUNPATH_SEARCH_PATHS = "$(inherited) @executable_path/Frameworks @loader_path/Frameworks";
				PRODUCT_NAME = "$(TARGET_NAME)";
				TEST_HOST = "$(BUILT_PRODUCTS_DIR)/RafaelValer.app/RafaelValer";
			};
			name = Release;
		};
/* End XCBuildConfiguration section */

/* Begin XCConfigurationList section */
		54D7BB031AE5C0F4004C9B51 /* Build configuration list for PBXProject "RafaelValer" */ = {
			isa = XCConfigurationList;
			buildConfigurations = (
				54D7BB251AE5C0F4004C9B51 /* Debug */,
				54D7BB261AE5C0F4004C9B51 /* Release */,
			);
			defaultConfigurationIsVisible = 0;
			defaultConfigurationName = Release;
		};
		54D7BB271AE5C0F4004C9B51 /* Build configuration list for PBXNativeTarget "RafaelValer" */ = {
			isa = XCConfigurationList;
			buildConfigurations = (
				54D7BB281AE5C0F4004C9B51 /* Debug */,
				54D7BB291AE5C0F4004C9B51 /* Release */,
			);
			defaultConfigurationIsVisible = 0;
			defaultConfigurationName = Release;
		};
		54D7BB2A1AE5C0F4004C9B51 /* Build configuration list for PBXNativeTarget "RafaelValerTests" */ = {
			isa = XCConfigurationList;
			buildConfigurations = (
				54D7BB2B1AE5C0F4004C9B51 /* Debug */,
				54D7BB2C1AE5C0F4004C9B51 /* Release */,
			);
			defaultConfigurationIsVisible = 0;
			defaultConfigurationName = Release;
		};
/* End XCConfigurationList section */
	};
	rootObject = 54D7BB001AE5C0F4004C9B51 /* Project object */;
}
